// !$*UTF8*$!
{
	archiveVersion = 1;
	classes = {
	};
	objectVersion = 46;
	objects = {

/* Begin PBXBuildFile section */
		3A0DE08D1DF3505D00C006F1 /* RHSSwipeView.m in Sources */ = {isa = PBXBuildFile; fileRef = 3A0DE08C1DF3505D00C006F1 /* RHSSwipeView.m */; };
		3A0DE08E1DF3505D00C006F1 /* RHSSwipeView.m in Sources */ = {isa = PBXBuildFile; fileRef = 3A0DE08C1DF3505D00C006F1 /* RHSSwipeView.m */; };
		3A10237E1DF5E28300A9ED14 /* RHSBallView.m in Sources */ = {isa = PBXBuildFile; fileRef = 3A10237D1DF5E28300A9ED14 /* RHSBallView.m */; };
		3A1023811DF5E5E800A9ED14 /* QuartzCore.framework in Frameworks */ = {isa = PBXBuildFile; fileRef = 3A1023801DF5E5E800A9ED14 /* QuartzCore.framework */; };
		3A70A9091FFC029D00A7F236 /* AppDelegate.m in Sources */ = {isa = PBXBuildFile; fileRef = 3A70A9081FFC029D00A7F236 /* AppDelegate.m */; };
		3A70A90C1FFC029D00A7F236 /* ViewController.m in Sources */ = {isa = PBXBuildFile; fileRef = 3A70A90B1FFC029D00A7F236 /* ViewController.m */; };
		3A70A90F1FFC029D00A7F236 /* Main.storyboard in Resources */ = {isa = PBXBuildFile; fileRef = 3A70A90D1FFC029D00A7F236 /* Main.storyboard */; };
		3A70A9111FFC029E00A7F236 /* Assets.xcassets in Resources */ = {isa = PBXBuildFile; fileRef = 3A70A9101FFC029E00A7F236 /* Assets.xcassets */; };
		3A70A9141FFC029E00A7F236 /* LaunchScreen.storyboard in Resources */ = {isa = PBXBuildFile; fileRef = 3A70A9121FFC029E00A7F236 /* LaunchScreen.storyboard */; };
		3A70A9171FFC029E00A7F236 /* main.m in Sources */ = {isa = PBXBuildFile; fileRef = 3A70A9161FFC029E00A7F236 /* main.m */; };
		3A70A9211FFC029E00A7F236 /* Pling_PlongTests.m in Sources */ = {isa = PBXBuildFile; fileRef = 3A70A9201FFC029E00A7F236 /* Pling_PlongTests.m */; };
		3A70A92C1FFC029E00A7F236 /* Pling_PlongUITests.m in Sources */ = {isa = PBXBuildFile; fileRef = 3A70A92B1FFC029E00A7F236 /* Pling_PlongUITests.m */; };
		3A70A9371FFC0FB100A7F236 /* RHSMusicPlayer.m in Sources */ = {isa = PBXBuildFile; fileRef = 3AF491051DFC595F0091C3E8 /* RHSMusicPlayer.m */; };
		3AD8A9B61DF18AF50065C400 /* AppDelegate.m in Sources */ = {isa = PBXBuildFile; fileRef = 3AD8A9B51DF18AF50065C400 /* AppDelegate.m */; };
		3AD8A9B91DF18AF50065C400 /* main.m in Sources */ = {isa = PBXBuildFile; fileRef = 3AD8A9B81DF18AF50065C400 /* main.m */; };
		3AD8A9BB1DF18AF50065C400 /* Assets.xcassets in Resources */ = {isa = PBXBuildFile; fileRef = 3AD8A9BA1DF18AF50065C400 /* Assets.xcassets */; };
		3AD8A9BE1DF18AF50065C400 /* MainMenu.xib in Resources */ = {isa = PBXBuildFile; fileRef = 3AD8A9BC1DF18AF50065C400 /* MainMenu.xib */; };
		3AD8A9C91DF18AF50065C400 /* CommandBarTests.m in Sources */ = {isa = PBXBuildFile; fileRef = 3AD8A9C81DF18AF50065C400 /* CommandBarTests.m */; };
		3AD8A9D41DF18AF50065C400 /* CommandBarUITests.m in Sources */ = {isa = PBXBuildFile; fileRef = 3AD8A9D31DF18AF50065C400 /* CommandBarUITests.m */; };
		3AD8A9E31DF18E660065C400 /* RHSCommandWindow.m in Sources */ = {isa = PBXBuildFile; fileRef = 3AD8A9E21DF18E660065C400 /* RHSCommandWindow.m */; };
		3AD8A9E41DF18E660065C400 /* RHSCommandWindow.m in Sources */ = {isa = PBXBuildFile; fileRef = 3AD8A9E21DF18E660065C400 /* RHSCommandWindow.m */; };
		3AF491061DFC595F0091C3E8 /* RHSMusicPlayer.m in Sources */ = {isa = PBXBuildFile; fileRef = 3AF491051DFC595F0091C3E8 /* RHSMusicPlayer.m */; };
/* End PBXBuildFile section */

/* Begin PBXContainerItemProxy section */
		3A70A91D1FFC029E00A7F236 /* PBXContainerItemProxy */ = {
			isa = PBXContainerItemProxy;
			containerPortal = 3AD8A9A91DF18AF50065C400 /* Project object */;
			proxyType = 1;
			remoteGlobalIDString = 3A70A9041FFC029D00A7F236;
			remoteInfo = "Pling Plong";
		};
		3A70A9281FFC029E00A7F236 /* PBXContainerItemProxy */ = {
			isa = PBXContainerItemProxy;
			containerPortal = 3AD8A9A91DF18AF50065C400 /* Project object */;
			proxyType = 1;
			remoteGlobalIDString = 3A70A9041FFC029D00A7F236;
			remoteInfo = "Pling Plong";
		};
		3AD8A9C51DF18AF50065C400 /* PBXContainerItemProxy */ = {
			isa = PBXContainerItemProxy;
			containerPortal = 3AD8A9A91DF18AF50065C400 /* Project object */;
			proxyType = 1;
			remoteGlobalIDString = 3AD8A9B01DF18AF50065C400;
			remoteInfo = CommandBar;
		};
		3AD8A9D01DF18AF50065C400 /* PBXContainerItemProxy */ = {
			isa = PBXContainerItemProxy;
			containerPortal = 3AD8A9A91DF18AF50065C400 /* Project object */;
			proxyType = 1;
			remoteGlobalIDString = 3AD8A9B01DF18AF50065C400;
			remoteInfo = CommandBar;
		};
/* End PBXContainerItemProxy section */

/* Begin PBXFileReference section */
		3A0DE08B1DF3505D00C006F1 /* RHSSwipeView.h */ = {isa = PBXFileReference; fileEncoding = 4; lastKnownFileType = sourcecode.c.h; path = RHSSwipeView.h; sourceTree = "<group>"; };
		3A0DE08C1DF3505D00C006F1 /* RHSSwipeView.m */ = {isa = PBXFileReference; fileEncoding = 4; lastKnownFileType = sourcecode.c.objc; path = RHSSwipeView.m; sourceTree = "<group>"; };
		3A10237C1DF5E28300A9ED14 /* RHSBallView.h */ = {isa = PBXFileReference; fileEncoding = 4; lastKnownFileType = sourcecode.c.h; path = RHSBallView.h; sourceTree = "<group>"; };
		3A10237D1DF5E28300A9ED14 /* RHSBallView.m */ = {isa = PBXFileReference; fileEncoding = 4; lastKnownFileType = sourcecode.c.objc; path = RHSBallView.m; sourceTree = "<group>"; };
		3A1023801DF5E5E800A9ED14 /* QuartzCore.framework */ = {isa = PBXFileReference; lastKnownFileType = wrapper.framework; name = QuartzCore.framework; path = System/Library/Frameworks/QuartzCore.framework; sourceTree = SDKROOT; };
		3A70A9051FFC029D00A7F236 /* Pling Plong.app */ = {isa = PBXFileReference; explicitFileType = wrapper.application; includeInIndex = 0; path = "Pling Plong.app"; sourceTree = BUILT_PRODUCTS_DIR; };
		3A70A9071FFC029D00A7F236 /* AppDelegate.h */ = {isa = PBXFileReference; lastKnownFileType = sourcecode.c.h; path = AppDelegate.h; sourceTree = "<group>"; };
		3A70A9081FFC029D00A7F236 /* AppDelegate.m */ = {isa = PBXFileReference; lastKnownFileType = sourcecode.c.objc; path = AppDelegate.m; sourceTree = "<group>"; };
		3A70A90A1FFC029D00A7F236 /* ViewController.h */ = {isa = PBXFileReference; lastKnownFileType = sourcecode.c.h; path = ViewController.h; sourceTree = "<group>"; };
		3A70A90B1FFC029D00A7F236 /* ViewController.m */ = {isa = PBXFileReference; lastKnownFileType = sourcecode.c.objc; path = ViewController.m; sourceTree = "<group>"; };
		3A70A90E1FFC029D00A7F236 /* Base */ = {isa = PBXFileReference; lastKnownFileType = file.storyboard; name = Base; path = Base.lproj/Main.storyboard; sourceTree = "<group>"; };
		3A70A9101FFC029E00A7F236 /* Assets.xcassets */ = {isa = PBXFileReference; lastKnownFileType = folder.assetcatalog; path = Assets.xcassets; sourceTree = "<group>"; };
		3A70A9131FFC029E00A7F236 /* Base */ = {isa = PBXFileReference; lastKnownFileType = file.storyboard; name = Base; path = Base.lproj/LaunchScreen.storyboard; sourceTree = "<group>"; };
		3A70A9151FFC029E00A7F236 /* Info.plist */ = {isa = PBXFileReference; lastKnownFileType = text.plist.xml; path = Info.plist; sourceTree = "<group>"; };
		3A70A9161FFC029E00A7F236 /* main.m */ = {isa = PBXFileReference; lastKnownFileType = sourcecode.c.objc; path = main.m; sourceTree = "<group>"; };
		3A70A91C1FFC029E00A7F236 /* Pling PlongTests.xctest */ = {isa = PBXFileReference; explicitFileType = wrapper.cfbundle; includeInIndex = 0; path = "Pling PlongTests.xctest"; sourceTree = BUILT_PRODUCTS_DIR; };
		3A70A9201FFC029E00A7F236 /* Pling_PlongTests.m */ = {isa = PBXFileReference; lastKnownFileType = sourcecode.c.objc; path = Pling_PlongTests.m; sourceTree = "<group>"; };
		3A70A9221FFC029E00A7F236 /* Info.plist */ = {isa = PBXFileReference; lastKnownFileType = text.plist.xml; path = Info.plist; sourceTree = "<group>"; };
		3A70A9271FFC029E00A7F236 /* Pling PlongUITests.xctest */ = {isa = PBXFileReference; explicitFileType = wrapper.cfbundle; includeInIndex = 0; path = "Pling PlongUITests.xctest"; sourceTree = BUILT_PRODUCTS_DIR; };
		3A70A92B1FFC029E00A7F236 /* Pling_PlongUITests.m */ = {isa = PBXFileReference; lastKnownFileType = sourcecode.c.objc; path = Pling_PlongUITests.m; sourceTree = "<group>"; };
		3A70A92D1FFC029E00A7F236 /* Info.plist */ = {isa = PBXFileReference; lastKnownFileType = text.plist.xml; path = Info.plist; sourceTree = "<group>"; };
		3AD8A9B11DF18AF50065C400 /* CommandBar.app */ = {isa = PBXFileReference; explicitFileType = wrapper.application; includeInIndex = 0; path = CommandBar.app; sourceTree = BUILT_PRODUCTS_DIR; };
		3AD8A9B41DF18AF50065C400 /* AppDelegate.h */ = {isa = PBXFileReference; lastKnownFileType = sourcecode.c.h; path = AppDelegate.h; sourceTree = "<group>"; };
		3AD8A9B51DF18AF50065C400 /* AppDelegate.m */ = {isa = PBXFileReference; lastKnownFileType = sourcecode.c.objc; path = AppDelegate.m; sourceTree = "<group>"; };
		3AD8A9B81DF18AF50065C400 /* main.m */ = {isa = PBXFileReference; lastKnownFileType = sourcecode.c.objc; path = main.m; sourceTree = "<group>"; };
		3AD8A9BA1DF18AF50065C400 /* Assets.xcassets */ = {isa = PBXFileReference; lastKnownFileType = folder.assetcatalog; path = Assets.xcassets; sourceTree = "<group>"; };
		3AD8A9BD1DF18AF50065C400 /* Base */ = {isa = PBXFileReference; lastKnownFileType = file.xib; name = Base; path = Base.lproj/MainMenu.xib; sourceTree = "<group>"; };
		3AD8A9BF1DF18AF50065C400 /* Info.plist */ = {isa = PBXFileReference; lastKnownFileType = text.plist.xml; path = Info.plist; sourceTree = "<group>"; };
		3AD8A9C41DF18AF50065C400 /* CommandBarTests.xctest */ = {isa = PBXFileReference; explicitFileType = wrapper.cfbundle; includeInIndex = 0; path = CommandBarTests.xctest; sourceTree = BUILT_PRODUCTS_DIR; };
		3AD8A9C81DF18AF50065C400 /* CommandBarTests.m */ = {isa = PBXFileReference; lastKnownFileType = sourcecode.c.objc; path = CommandBarTests.m; sourceTree = "<group>"; };
		3AD8A9CA1DF18AF50065C400 /* Info.plist */ = {isa = PBXFileReference; lastKnownFileType = text.plist.xml; path = Info.plist; sourceTree = "<group>"; };
		3AD8A9CF1DF18AF50065C400 /* CommandBarUITests.xctest */ = {isa = PBXFileReference; explicitFileType = wrapper.cfbundle; includeInIndex = 0; path = CommandBarUITests.xctest; sourceTree = BUILT_PRODUCTS_DIR; };
		3AD8A9D31DF18AF50065C400 /* CommandBarUITests.m */ = {isa = PBXFileReference; lastKnownFileType = sourcecode.c.objc; path = CommandBarUITests.m; sourceTree = "<group>"; };
		3AD8A9D51DF18AF50065C400 /* Info.plist */ = {isa = PBXFileReference; lastKnownFileType = text.plist.xml; path = Info.plist; sourceTree = "<group>"; };
		3AD8A9E11DF18E660065C400 /* RHSCommandWindow.h */ = {isa = PBXFileReference; fileEncoding = 4; lastKnownFileType = sourcecode.c.h; path = RHSCommandWindow.h; sourceTree = "<group>"; };
		3AD8A9E21DF18E660065C400 /* RHSCommandWindow.m */ = {isa = PBXFileReference; fileEncoding = 4; lastKnownFileType = sourcecode.c.objc; path = RHSCommandWindow.m; sourceTree = "<group>"; };
		3AF491041DFC595F0091C3E8 /* RHSMusicPlayer.h */ = {isa = PBXFileReference; fileEncoding = 4; lastKnownFileType = sourcecode.c.h; path = RHSMusicPlayer.h; sourceTree = "<group>"; };
		3AF491051DFC595F0091C3E8 /* RHSMusicPlayer.m */ = {isa = PBXFileReference; fileEncoding = 4; lastKnownFileType = sourcecode.c.objc; path = RHSMusicPlayer.m; sourceTree = "<group>"; };
		3AF491071DFC9B350091C3E8 /* CommandBar.entitlements */ = {isa = PBXFileReference; lastKnownFileType = text.plist.entitlements; path = CommandBar.entitlements; sourceTree = "<group>"; };
/* End PBXFileReference section */

/* Begin PBXFrameworksBuildPhase section */
		3A70A9021FFC029D00A7F236 /* Frameworks */ = {
			isa = PBXFrameworksBuildPhase;
			buildActionMask = 2147483647;
			files = (
			);
			runOnlyForDeploymentPostprocessing = 0;
		};
		3A70A9191FFC029E00A7F236 /* Frameworks */ = {
			isa = PBXFrameworksBuildPhase;
			buildActionMask = 2147483647;
			files = (
			);
			runOnlyForDeploymentPostprocessing = 0;
		};
		3A70A9241FFC029E00A7F236 /* Frameworks */ = {
			isa = PBXFrameworksBuildPhase;
			buildActionMask = 2147483647;
			files = (
			);
			runOnlyForDeploymentPostprocessing = 0;
		};
		3AD8A9AE1DF18AF50065C400 /* Frameworks */ = {
			isa = PBXFrameworksBuildPhase;
			buildActionMask = 2147483647;
			files = (
				3A1023811DF5E5E800A9ED14 /* QuartzCore.framework in Frameworks */,
			);
			runOnlyForDeploymentPostprocessing = 0;
		};
		3AD8A9C11DF18AF50065C400 /* Frameworks */ = {
			isa = PBXFrameworksBuildPhase;
			buildActionMask = 2147483647;
			files = (
			);
			runOnlyForDeploymentPostprocessing = 0;
		};
		3AD8A9CC1DF18AF50065C400 /* Frameworks */ = {
			isa = PBXFrameworksBuildPhase;
			buildActionMask = 2147483647;
			files = (
			);
			runOnlyForDeploymentPostprocessing = 0;
		};
/* End PBXFrameworksBuildPhase section */

/* Begin PBXGroup section */
		3A10237F1DF5E5E800A9ED14 /* Frameworks */ = {
			isa = PBXGroup;
			children = (
				3A1023801DF5E5E800A9ED14 /* QuartzCore.framework */,
			);
			name = Frameworks;
			sourceTree = "<group>";
		};
		3A70A9061FFC029D00A7F236 /* Pling Plong */ = {
			isa = PBXGroup;
			children = (
				3A70A9071FFC029D00A7F236 /* AppDelegate.h */,
				3A70A9081FFC029D00A7F236 /* AppDelegate.m */,
				3A70A90A1FFC029D00A7F236 /* ViewController.h */,
				3A70A90B1FFC029D00A7F236 /* ViewController.m */,
				3A70A90D1FFC029D00A7F236 /* Main.storyboard */,
				3A70A9101FFC029E00A7F236 /* Assets.xcassets */,
				3A70A9121FFC029E00A7F236 /* LaunchScreen.storyboard */,
				3A70A9151FFC029E00A7F236 /* Info.plist */,
				3A70A9161FFC029E00A7F236 /* main.m */,
			);
			path = "Pling Plong";
			sourceTree = "<group>";
		};
		3A70A91F1FFC029E00A7F236 /* Pling PlongTests */ = {
			isa = PBXGroup;
			children = (
				3A70A9201FFC029E00A7F236 /* Pling_PlongTests.m */,
				3A70A9221FFC029E00A7F236 /* Info.plist */,
			);
			path = "Pling PlongTests";
			sourceTree = "<group>";
		};
		3A70A92A1FFC029E00A7F236 /* Pling PlongUITests */ = {
			isa = PBXGroup;
			children = (
				3A70A92B1FFC029E00A7F236 /* Pling_PlongUITests.m */,
				3A70A92D1FFC029E00A7F236 /* Info.plist */,
			);
			path = "Pling PlongUITests";
			sourceTree = "<group>";
		};
		3AD8A9A81DF18AF50065C400 = {
			isa = PBXGroup;
			children = (
				3AD8A9B31DF18AF50065C400 /* CommandBar */,
				3AD8A9C71DF18AF50065C400 /* CommandBarTests */,
				3AD8A9D21DF18AF50065C400 /* CommandBarUITests */,
				3A70A9061FFC029D00A7F236 /* Pling Plong */,
				3A70A91F1FFC029E00A7F236 /* Pling PlongTests */,
				3A70A92A1FFC029E00A7F236 /* Pling PlongUITests */,
				3AD8A9B21DF18AF50065C400 /* Products */,
				3A10237F1DF5E5E800A9ED14 /* Frameworks */,
			);
			sourceTree = "<group>";
		};
		3AD8A9B21DF18AF50065C400 /* Products */ = {
			isa = PBXGroup;
			children = (
				3AD8A9B11DF18AF50065C400 /* CommandBar.app */,
				3AD8A9C41DF18AF50065C400 /* CommandBarTests.xctest */,
				3AD8A9CF1DF18AF50065C400 /* CommandBarUITests.xctest */,
				3A70A9051FFC029D00A7F236 /* Pling Plong.app */,
				3A70A91C1FFC029E00A7F236 /* Pling PlongTests.xctest */,
				3A70A9271FFC029E00A7F236 /* Pling PlongUITests.xctest */,
			);
			name = Products;
			sourceTree = "<group>";
		};
		3AD8A9B31DF18AF50065C400 /* CommandBar */ = {
			isa = PBXGroup;
			children = (
				3AF491071DFC9B350091C3E8 /* CommandBar.entitlements */,
				3AD8A9B41DF18AF50065C400 /* AppDelegate.h */,
				3AD8A9B51DF18AF50065C400 /* AppDelegate.m */,
				3AD8A9E11DF18E660065C400 /* RHSCommandWindow.h */,
				3AD8A9E21DF18E660065C400 /* RHSCommandWindow.m */,
				3AF491041DFC595F0091C3E8 /* RHSMusicPlayer.h */,
				3AF491051DFC595F0091C3E8 /* RHSMusicPlayer.m */,
				3A0DE08B1DF3505D00C006F1 /* RHSSwipeView.h */,
				3A0DE08C1DF3505D00C006F1 /* RHSSwipeView.m */,
				3A10237C1DF5E28300A9ED14 /* RHSBallView.h */,
				3A10237D1DF5E28300A9ED14 /* RHSBallView.m */,
				3AD8A9BA1DF18AF50065C400 /* Assets.xcassets */,
				3AD8A9BC1DF18AF50065C400 /* MainMenu.xib */,
				3AD8A9BF1DF18AF50065C400 /* Info.plist */,
				3AD8A9B71DF18AF50065C400 /* Supporting Files */,
			);
			path = CommandBar;
			sourceTree = "<group>";
		};
		3AD8A9B71DF18AF50065C400 /* Supporting Files */ = {
			isa = PBXGroup;
			children = (
				3AD8A9B81DF18AF50065C400 /* main.m */,
			);
			name = "Supporting Files";
			sourceTree = "<group>";
		};
		3AD8A9C71DF18AF50065C400 /* CommandBarTests */ = {
			isa = PBXGroup;
			children = (
				3AD8A9C81DF18AF50065C400 /* CommandBarTests.m */,
				3AD8A9CA1DF18AF50065C400 /* Info.plist */,
			);
			path = CommandBarTests;
			sourceTree = "<group>";
		};
		3AD8A9D21DF18AF50065C400 /* CommandBarUITests */ = {
			isa = PBXGroup;
			children = (
				3AD8A9D31DF18AF50065C400 /* CommandBarUITests.m */,
				3AD8A9D51DF18AF50065C400 /* Info.plist */,
			);
			path = CommandBarUITests;
			sourceTree = "<group>";
		};
/* End PBXGroup section */

/* Begin PBXNativeTarget section */
		3A70A9041FFC029D00A7F236 /* Pling Plong */ = {
			isa = PBXNativeTarget;
			buildConfigurationList = 3A70A92E1FFC029E00A7F236 /* Build configuration list for PBXNativeTarget "Pling Plong" */;
			buildPhases = (
				3A70A9011FFC029D00A7F236 /* Sources */,
				3A70A9021FFC029D00A7F236 /* Frameworks */,
				3A70A9031FFC029D00A7F236 /* Resources */,
			);
			buildRules = (
			);
			dependencies = (
			);
			name = "Pling Plong";
			productName = "Pling Plong";
			productReference = 3A70A9051FFC029D00A7F236 /* Pling Plong.app */;
			productType = "com.apple.product-type.application";
		};
		3A70A91B1FFC029E00A7F236 /* Pling PlongTests */ = {
			isa = PBXNativeTarget;
			buildConfigurationList = 3A70A9311FFC029E00A7F236 /* Build configuration list for PBXNativeTarget "Pling PlongTests" */;
			buildPhases = (
				3A70A9181FFC029E00A7F236 /* Sources */,
				3A70A9191FFC029E00A7F236 /* Frameworks */,
				3A70A91A1FFC029E00A7F236 /* Resources */,
			);
			buildRules = (
			);
			dependencies = (
				3A70A91E1FFC029E00A7F236 /* PBXTargetDependency */,
			);
			name = "Pling PlongTests";
			productName = "Pling PlongTests";
			productReference = 3A70A91C1FFC029E00A7F236 /* Pling PlongTests.xctest */;
			productType = "com.apple.product-type.bundle.unit-test";
		};
		3A70A9261FFC029E00A7F236 /* Pling PlongUITests */ = {
			isa = PBXNativeTarget;
			buildConfigurationList = 3A70A9341FFC029E00A7F236 /* Build configuration list for PBXNativeTarget "Pling PlongUITests" */;
			buildPhases = (
				3A70A9231FFC029E00A7F236 /* Sources */,
				3A70A9241FFC029E00A7F236 /* Frameworks */,
				3A70A9251FFC029E00A7F236 /* Resources */,
			);
			buildRules = (
			);
			dependencies = (
				3A70A9291FFC029E00A7F236 /* PBXTargetDependency */,
			);
			name = "Pling PlongUITests";
			productName = "Pling PlongUITests";
			productReference = 3A70A9271FFC029E00A7F236 /* Pling PlongUITests.xctest */;
			productType = "com.apple.product-type.bundle.ui-testing";
		};
		3AD8A9B01DF18AF50065C400 /* CommandBar */ = {
			isa = PBXNativeTarget;
			buildConfigurationList = 3AD8A9D81DF18AF50065C400 /* Build configuration list for PBXNativeTarget "CommandBar" */;
			buildPhases = (
				3AD8A9AD1DF18AF50065C400 /* Sources */,
				3AD8A9AE1DF18AF50065C400 /* Frameworks */,
				3AD8A9AF1DF18AF50065C400 /* Resources */,
			);
			buildRules = (
			);
			dependencies = (
			);
			name = CommandBar;
			productName = CommandBar;
			productReference = 3AD8A9B11DF18AF50065C400 /* CommandBar.app */;
			productType = "com.apple.product-type.application";
		};
		3AD8A9C31DF18AF50065C400 /* CommandBarTests */ = {
			isa = PBXNativeTarget;
			buildConfigurationList = 3AD8A9DB1DF18AF50065C400 /* Build configuration list for PBXNativeTarget "CommandBarTests" */;
			buildPhases = (
				3AD8A9C01DF18AF50065C400 /* Sources */,
				3AD8A9C11DF18AF50065C400 /* Frameworks */,
				3AD8A9C21DF18AF50065C400 /* Resources */,
			);
			buildRules = (
			);
			dependencies = (
				3AD8A9C61DF18AF50065C400 /* PBXTargetDependency */,
			);
			name = CommandBarTests;
			productName = CommandBarTests;
			productReference = 3AD8A9C41DF18AF50065C400 /* CommandBarTests.xctest */;
			productType = "com.apple.product-type.bundle.unit-test";
		};
		3AD8A9CE1DF18AF50065C400 /* CommandBarUITests */ = {
			isa = PBXNativeTarget;
			buildConfigurationList = 3AD8A9DE1DF18AF50065C400 /* Build configuration list for PBXNativeTarget "CommandBarUITests" */;
			buildPhases = (
				3AD8A9CB1DF18AF50065C400 /* Sources */,
				3AD8A9CC1DF18AF50065C400 /* Frameworks */,
				3AD8A9CD1DF18AF50065C400 /* Resources */,
			);
			buildRules = (
			);
			dependencies = (
				3AD8A9D11DF18AF50065C400 /* PBXTargetDependency */,
			);
			name = CommandBarUITests;
			productName = CommandBarUITests;
			productReference = 3AD8A9CF1DF18AF50065C400 /* CommandBarUITests.xctest */;
			productType = "com.apple.product-type.bundle.ui-testing";
		};
/* End PBXNativeTarget section */

/* Begin PBXProject section */
		3AD8A9A91DF18AF50065C400 /* Project object */ = {
			isa = PBXProject;
			attributes = {
				LastUpgradeCheck = 0920;
				ORGANIZATIONNAME = "Rasmus Sten";
				TargetAttributes = {
					3A70A9041FFC029D00A7F236 = {
						CreatedOnToolsVersion = 9.2;
						DevelopmentTeam = 7BJ49E34RD;
						ProvisioningStyle = Automatic;
					};
					3A70A91B1FFC029E00A7F236 = {
						CreatedOnToolsVersion = 9.2;
						DevelopmentTeam = 7BJ49E34RD;
						ProvisioningStyle = Automatic;
						TestTargetID = 3A70A9041FFC029D00A7F236;
					};
					3A70A9261FFC029E00A7F236 = {
						CreatedOnToolsVersion = 9.2;
						DevelopmentTeam = 7BJ49E34RD;
						ProvisioningStyle = Automatic;
						TestTargetID = 3A70A9041FFC029D00A7F236;
					};
					3AD8A9B01DF18AF50065C400 = {
						CreatedOnToolsVersion = 8.1;
						DevelopmentTeam = 7BJ49E34RD;
						ProvisioningStyle = Automatic;
						SystemCapabilities = {
							com.apple.Sandbox = {
								enabled = 1;
							};
						};
					};
					3AD8A9C31DF18AF50065C400 = {
						CreatedOnToolsVersion = 8.1;
						DevelopmentTeam = 7BJ49E34RD;
						ProvisioningStyle = Automatic;
						TestTargetID = 3AD8A9B01DF18AF50065C400;
					};
					3AD8A9CE1DF18AF50065C400 = {
						CreatedOnToolsVersion = 8.1;
						DevelopmentTeam = 7BJ49E34RD;
						ProvisioningStyle = Automatic;
						TestTargetID = 3AD8A9B01DF18AF50065C400;
					};
				};
			};
			buildConfigurationList = 3AD8A9AC1DF18AF50065C400 /* Build configuration list for PBXProject "CommandBar" */;
			compatibilityVersion = "Xcode 3.2";
			developmentRegion = English;
			hasScannedForEncodings = 0;
			knownRegions = (
				en,
				Base,
			);
			mainGroup = 3AD8A9A81DF18AF50065C400;
			productRefGroup = 3AD8A9B21DF18AF50065C400 /* Products */;
			projectDirPath = "";
			projectRoot = "";
			targets = (
				3AD8A9B01DF18AF50065C400 /* CommandBar */,
				3AD8A9C31DF18AF50065C400 /* CommandBarTests */,
				3AD8A9CE1DF18AF50065C400 /* CommandBarUITests */,
				3A70A9041FFC029D00A7F236 /* Pling Plong */,
				3A70A91B1FFC029E00A7F236 /* Pling PlongTests */,
				3A70A9261FFC029E00A7F236 /* Pling PlongUITests */,
			);
		};
/* End PBXProject section */

/* Begin PBXResourcesBuildPhase section */
		3A70A9031FFC029D00A7F236 /* Resources */ = {
			isa = PBXResourcesBuildPhase;
			buildActionMask = 2147483647;
			files = (
				3A70A9141FFC029E00A7F236 /* LaunchScreen.storyboard in Resources */,
				3A70A9111FFC029E00A7F236 /* Assets.xcassets in Resources */,
				3A70A90F1FFC029D00A7F236 /* Main.storyboard in Resources */,
			);
			runOnlyForDeploymentPostprocessing = 0;
		};
		3A70A91A1FFC029E00A7F236 /* Resources */ = {
			isa = PBXResourcesBuildPhase;
			buildActionMask = 2147483647;
			files = (
			);
			runOnlyForDeploymentPostprocessing = 0;
		};
		3A70A9251FFC029E00A7F236 /* Resources */ = {
			isa = PBXResourcesBuildPhase;
			buildActionMask = 2147483647;
			files = (
			);
			runOnlyForDeploymentPostprocessing = 0;
		};
		3AD8A9AF1DF18AF50065C400 /* Resources */ = {
			isa = PBXResourcesBuildPhase;
			buildActionMask = 2147483647;
			files = (
				3AD8A9BB1DF18AF50065C400 /* Assets.xcassets in Resources */,
				3AD8A9BE1DF18AF50065C400 /* MainMenu.xib in Resources */,
			);
			runOnlyForDeploymentPostprocessing = 0;
		};
		3AD8A9C21DF18AF50065C400 /* Resources */ = {
			isa = PBXResourcesBuildPhase;
			buildActionMask = 2147483647;
			files = (
			);
			runOnlyForDeploymentPostprocessing = 0;
		};
		3AD8A9CD1DF18AF50065C400 /* Resources */ = {
			isa = PBXResourcesBuildPhase;
			buildActionMask = 2147483647;
			files = (
			);
			runOnlyForDeploymentPostprocessing = 0;
		};
/* End PBXResourcesBuildPhase section */

/* Begin PBXSourcesBuildPhase section */
		3A70A9011FFC029D00A7F236 /* Sources */ = {
			isa = PBXSourcesBuildPhase;
			buildActionMask = 2147483647;
			files = (
				3A70A9371FFC0FB100A7F236 /* RHSMusicPlayer.m in Sources */,
				3A70A90C1FFC029D00A7F236 /* ViewController.m in Sources */,
				3A70A9171FFC029E00A7F236 /* main.m in Sources */,
				3A70A9091FFC029D00A7F236 /* AppDelegate.m in Sources */,
			);
			runOnlyForDeploymentPostprocessing = 0;
		};
		3A70A9181FFC029E00A7F236 /* Sources */ = {
			isa = PBXSourcesBuildPhase;
			buildActionMask = 2147483647;
			files = (
				3A70A9211FFC029E00A7F236 /* Pling_PlongTests.m in Sources */,
			);
			runOnlyForDeploymentPostprocessing = 0;
		};
		3A70A9231FFC029E00A7F236 /* Sources */ = {
			isa = PBXSourcesBuildPhase;
			buildActionMask = 2147483647;
			files = (
				3A70A92C1FFC029E00A7F236 /* Pling_PlongUITests.m in Sources */,
			);
			runOnlyForDeploymentPostprocessing = 0;
		};
		3AD8A9AD1DF18AF50065C400 /* Sources */ = {
			isa = PBXSourcesBuildPhase;
			buildActionMask = 2147483647;
			files = (
				3AF491061DFC595F0091C3E8 /* RHSMusicPlayer.m in Sources */,
				3AD8A9E31DF18E660065C400 /* RHSCommandWindow.m in Sources */,
				3A0DE08D1DF3505D00C006F1 /* RHSSwipeView.m in Sources */,
				3AD8A9B91DF18AF50065C400 /* main.m in Sources */,
				3AD8A9B61DF18AF50065C400 /* AppDelegate.m in Sources */,
				3A10237E1DF5E28300A9ED14 /* RHSBallView.m in Sources */,
			);
			runOnlyForDeploymentPostprocessing = 0;
		};
		3AD8A9C01DF18AF50065C400 /* Sources */ = {
			isa = PBXSourcesBuildPhase;
			buildActionMask = 2147483647;
			files = (
				3AD8A9C91DF18AF50065C400 /* CommandBarTests.m in Sources */,
			);
			runOnlyForDeploymentPostprocessing = 0;
		};
		3AD8A9CB1DF18AF50065C400 /* Sources */ = {
			isa = PBXSourcesBuildPhase;
			buildActionMask = 2147483647;
			files = (
				3A0DE08E1DF3505D00C006F1 /* RHSSwipeView.m in Sources */,
				3AD8A9D41DF18AF50065C400 /* CommandBarUITests.m in Sources */,
				3AD8A9E41DF18E660065C400 /* RHSCommandWindow.m in Sources */,
			);
			runOnlyForDeploymentPostprocessing = 0;
		};
/* End PBXSourcesBuildPhase section */

/* Begin PBXTargetDependency section */
		3A70A91E1FFC029E00A7F236 /* PBXTargetDependency */ = {
			isa = PBXTargetDependency;
			target = 3A70A9041FFC029D00A7F236 /* Pling Plong */;
			targetProxy = 3A70A91D1FFC029E00A7F236 /* PBXContainerItemProxy */;
		};
		3A70A9291FFC029E00A7F236 /* PBXTargetDependency */ = {
			isa = PBXTargetDependency;
			target = 3A70A9041FFC029D00A7F236 /* Pling Plong */;
			targetProxy = 3A70A9281FFC029E00A7F236 /* PBXContainerItemProxy */;
		};
		3AD8A9C61DF18AF50065C400 /* PBXTargetDependency */ = {
			isa = PBXTargetDependency;
			target = 3AD8A9B01DF18AF50065C400 /* CommandBar */;
			targetProxy = 3AD8A9C51DF18AF50065C400 /* PBXContainerItemProxy */;
		};
		3AD8A9D11DF18AF50065C400 /* PBXTargetDependency */ = {
			isa = PBXTargetDependency;
			target = 3AD8A9B01DF18AF50065C400 /* CommandBar */;
			targetProxy = 3AD8A9D01DF18AF50065C400 /* PBXContainerItemProxy */;
		};
/* End PBXTargetDependency section */

/* Begin PBXVariantGroup section */
		3A70A90D1FFC029D00A7F236 /* Main.storyboard */ = {
			isa = PBXVariantGroup;
			children = (
				3A70A90E1FFC029D00A7F236 /* Base */,
			);
			name = Main.storyboard;
			sourceTree = "<group>";
		};
		3A70A9121FFC029E00A7F236 /* LaunchScreen.storyboard */ = {
			isa = PBXVariantGroup;
			children = (
				3A70A9131FFC029E00A7F236 /* Base */,
			);
			name = LaunchScreen.storyboard;
			sourceTree = "<group>";
		};
		3AD8A9BC1DF18AF50065C400 /* MainMenu.xib */ = {
			isa = PBXVariantGroup;
			children = (
				3AD8A9BD1DF18AF50065C400 /* Base */,
			);
			name = MainMenu.xib;
			sourceTree = "<group>";
		};
/* End PBXVariantGroup section */

/* Begin XCBuildConfiguration section */
		3A70A92F1FFC029E00A7F236 /* Debug */ = {
			isa = XCBuildConfiguration;
			buildSettings = {
				ASSETCATALOG_COMPILER_APPICON_NAME = AppIcon;
				CLANG_ANALYZER_NUMBER_OBJECT_CONVERSION = YES_AGGRESSIVE;
				CLANG_CXX_LANGUAGE_STANDARD = "gnu++14";
				CLANG_WARN_UNGUARDED_AVAILABILITY = YES_AGGRESSIVE;
				CODE_SIGN_IDENTITY = "iPhone Developer";
				CODE_SIGN_STYLE = Automatic;
				DEVELOPMENT_TEAM = 7BJ49E34RD;
				GCC_C_LANGUAGE_STANDARD = gnu11;
				INFOPLIST_FILE = "Pling Plong/Info.plist";
				IPHONEOS_DEPLOYMENT_TARGET = 11.2;
				LD_RUNPATH_SEARCH_PATHS = "$(inherited) @executable_path/Frameworks";
				PRODUCT_BUNDLE_IDENTIFIER = "nu.dll.Pling-Plong";
				PRODUCT_NAME = "$(TARGET_NAME)";
				SDKROOT = iphoneos;
				TARGETED_DEVICE_FAMILY = "1,2";
			};
			name = Debug;
		};
		3A70A9301FFC029E00A7F236 /* Release */ = {
			isa = XCBuildConfiguration;
			buildSettings = {
				ASSETCATALOG_COMPILER_APPICON_NAME = AppIcon;
				CLANG_ANALYZER_NUMBER_OBJECT_CONVERSION = YES_AGGRESSIVE;
				CLANG_CXX_LANGUAGE_STANDARD = "gnu++14";
				CLANG_WARN_UNGUARDED_AVAILABILITY = YES_AGGRESSIVE;
				CODE_SIGN_IDENTITY = "iPhone Developer";
				CODE_SIGN_STYLE = Automatic;
				DEVELOPMENT_TEAM = 7BJ49E34RD;
				GCC_C_LANGUAGE_STANDARD = gnu11;
				INFOPLIST_FILE = "Pling Plong/Info.plist";
				IPHONEOS_DEPLOYMENT_TARGET = 11.2;
				LD_RUNPATH_SEARCH_PATHS = "$(inherited) @executable_path/Frameworks";
				PRODUCT_BUNDLE_IDENTIFIER = "nu.dll.Pling-Plong";
				PRODUCT_NAME = "$(TARGET_NAME)";
				SDKROOT = iphoneos;
				TARGETED_DEVICE_FAMILY = "1,2";
				VALIDATE_PRODUCT = YES;
			};
			name = Release;
		};
		3A70A9321FFC029E00A7F236 /* Debug */ = {
			isa = XCBuildConfiguration;
			buildSettings = {
				BUNDLE_LOADER = "$(TEST_HOST)";
				CLANG_ANALYZER_NUMBER_OBJECT_CONVERSION = YES_AGGRESSIVE;
				CLANG_CXX_LANGUAGE_STANDARD = "gnu++14";
				CLANG_WARN_UNGUARDED_AVAILABILITY = YES_AGGRESSIVE;
				CODE_SIGN_IDENTITY = "iPhone Developer";
				CODE_SIGN_STYLE = Automatic;
				DEVELOPMENT_TEAM = 7BJ49E34RD;
				GCC_C_LANGUAGE_STANDARD = gnu11;
				INFOPLIST_FILE = "Pling PlongTests/Info.plist";
				IPHONEOS_DEPLOYMENT_TARGET = 11.2;
				LD_RUNPATH_SEARCH_PATHS = "$(inherited) @executable_path/Frameworks @loader_path/Frameworks";
				PRODUCT_BUNDLE_IDENTIFIER = "nu.dll.Pling-PlongTests";
				PRODUCT_NAME = "$(TARGET_NAME)";
				SDKROOT = iphoneos;
				TARGETED_DEVICE_FAMILY = "1,2";
				TEST_HOST = "$(BUILT_PRODUCTS_DIR)/Pling Plong.app/Pling Plong";
			};
			name = Debug;
		};
		3A70A9331FFC029E00A7F236 /* Release */ = {
			isa = XCBuildConfiguration;
			buildSettings = {
				BUNDLE_LOADER = "$(TEST_HOST)";
				CLANG_ANALYZER_NUMBER_OBJECT_CONVERSION = YES_AGGRESSIVE;
				CLANG_CXX_LANGUAGE_STANDARD = "gnu++14";
				CLANG_WARN_UNGUARDED_AVAILABILITY = YES_AGGRESSIVE;
				CODE_SIGN_IDENTITY = "iPhone Developer";
				CODE_SIGN_STYLE = Automatic;
				DEVELOPMENT_TEAM = 7BJ49E34RD;
				GCC_C_LANGUAGE_STANDARD = gnu11;
				INFOPLIST_FILE = "Pling PlongTests/Info.plist";
				IPHONEOS_DEPLOYMENT_TARGET = 11.2;
				LD_RUNPATH_SEARCH_PATHS = "$(inherited) @executable_path/Frameworks @loader_path/Frameworks";
				PRODUCT_BUNDLE_IDENTIFIER = "nu.dll.Pling-PlongTests";
				PRODUCT_NAME = "$(TARGET_NAME)";
				SDKROOT = iphoneos;
				TARGETED_DEVICE_FAMILY = "1,2";
				TEST_HOST = "$(BUILT_PRODUCTS_DIR)/Pling Plong.app/Pling Plong";
				VALIDATE_PRODUCT = YES;
			};
			name = Release;
		};
		3A70A9351FFC029E00A7F236 /* Debug */ = {
			isa = XCBuildConfiguration;
			buildSettings = {
				CLANG_ANALYZER_NUMBER_OBJECT_CONVERSION = YES_AGGRESSIVE;
				CLANG_CXX_LANGUAGE_STANDARD = "gnu++14";
				CLANG_WARN_UNGUARDED_AVAILABILITY = YES_AGGRESSIVE;
				CODE_SIGN_IDENTITY = "iPhone Developer";
				CODE_SIGN_STYLE = Automatic;
				DEVELOPMENT_TEAM = 7BJ49E34RD;
				GCC_C_LANGUAGE_STANDARD = gnu11;
				INFOPLIST_FILE = "Pling PlongUITests/Info.plist";
				IPHONEOS_DEPLOYMENT_TARGET = 11.2;
				LD_RUNPATH_SEARCH_PATHS = "$(inherited) @executable_path/Frameworks @loader_path/Frameworks";
				PRODUCT_BUNDLE_IDENTIFIER = "nu.dll.Pling-PlongUITests";
				PRODUCT_NAME = "$(TARGET_NAME)";
				SDKROOT = iphoneos;
				TARGETED_DEVICE_FAMILY = "1,2";
				TEST_TARGET_NAME = "Pling Plong";
			};
			name = Debug;
		};
		3A70A9361FFC029E00A7F236 /* Release */ = {
			isa = XCBuildConfiguration;
			buildSettings = {
				CLANG_ANALYZER_NUMBER_OBJECT_CONVERSION = YES_AGGRESSIVE;
				CLANG_CXX_LANGUAGE_STANDARD = "gnu++14";
				CLANG_WARN_UNGUARDED_AVAILABILITY = YES_AGGRESSIVE;
				CODE_SIGN_IDENTITY = "iPhone Developer";
				CODE_SIGN_STYLE = Automatic;
				DEVELOPMENT_TEAM = 7BJ49E34RD;
				GCC_C_LANGUAGE_STANDARD = gnu11;
				INFOPLIST_FILE = "Pling PlongUITests/Info.plist";
				IPHONEOS_DEPLOYMENT_TARGET = 11.2;
				LD_RUNPATH_SEARCH_PATHS = "$(inherited) @executable_path/Frameworks @loader_path/Frameworks";
				PRODUCT_BUNDLE_IDENTIFIER = "nu.dll.Pling-PlongUITests";
				PRODUCT_NAME = "$(TARGET_NAME)";
				SDKROOT = iphoneos;
				TARGETED_DEVICE_FAMILY = "1,2";
				TEST_TARGET_NAME = "Pling Plong";
				VALIDATE_PRODUCT = YES;
			};
			name = Release;
		};
		3AD8A9D61DF18AF50065C400 /* Debug */ = {
			isa = XCBuildConfiguration;
			buildSettings = {
				ALWAYS_SEARCH_USER_PATHS = NO;
				CLANG_ANALYZER_NONNULL = YES;
				CLANG_CXX_LANGUAGE_STANDARD = "gnu++0x";
				CLANG_CXX_LIBRARY = "libc++";
				CLANG_ENABLE_MODULES = YES;
				CLANG_ENABLE_OBJC_ARC = YES;
				CLANG_WARN_BLOCK_CAPTURE_AUTORELEASING = YES;
				CLANG_WARN_BOOL_CONVERSION = YES;
				CLANG_WARN_COMMA = YES;
				CLANG_WARN_CONSTANT_CONVERSION = YES;
				CLANG_WARN_DIRECT_OBJC_ISA_USAGE = YES_ERROR;
				CLANG_WARN_DOCUMENTATION_COMMENTS = YES;
				CLANG_WARN_EMPTY_BODY = YES;
				CLANG_WARN_ENUM_CONVERSION = YES;
				CLANG_WARN_INFINITE_RECURSION = YES;
				CLANG_WARN_INT_CONVERSION = YES;
				CLANG_WARN_NON_LITERAL_NULL_CONVERSION = YES;
				CLANG_WARN_OBJC_LITERAL_CONVERSION = YES;
				CLANG_WARN_OBJC_ROOT_CLASS = YES_ERROR;
				CLANG_WARN_RANGE_LOOP_ANALYSIS = YES;
				CLANG_WARN_STRICT_PROTOTYPES = YES;
				CLANG_WARN_SUSPICIOUS_MOVE = YES;
				CLANG_WARN_SUSPICIOUS_MOVES = YES;
				CLANG_WARN_UNREACHABLE_CODE = YES;
				CLANG_WARN__DUPLICATE_METHOD_MATCH = YES;
				CODE_SIGN_IDENTITY = "-";
				COPY_PHASE_STRIP = NO;
				DEBUG_INFORMATION_FORMAT = dwarf;
				ENABLE_STRICT_OBJC_MSGSEND = YES;
				ENABLE_TESTABILITY = YES;
				GCC_C_LANGUAGE_STANDARD = gnu99;
				GCC_DYNAMIC_NO_PIC = NO;
				GCC_NO_COMMON_BLOCKS = YES;
				GCC_OPTIMIZATION_LEVEL = 0;
				GCC_PREPROCESSOR_DEFINITIONS = (
					"DEBUG=1",
					"$(inherited)",
				);
				GCC_WARN_64_TO_32_BIT_CONVERSION = YES;
				GCC_WARN_ABOUT_RETURN_TYPE = YES_ERROR;
				GCC_WARN_UNDECLARED_SELECTOR = YES;
				GCC_WARN_UNINITIALIZED_AUTOS = YES_AGGRESSIVE;
				GCC_WARN_UNUSED_FUNCTION = YES;
				GCC_WARN_UNUSED_VARIABLE = YES;
				MACOSX_DEPLOYMENT_TARGET = 10.12;
				MTL_ENABLE_DEBUG_INFO = YES;
				ONLY_ACTIVE_ARCH = YES;
				SDKROOT = macosx;
			};
			name = Debug;
		};
		3AD8A9D71DF18AF50065C400 /* Release */ = {
			isa = XCBuildConfiguration;
			buildSettings = {
				ALWAYS_SEARCH_USER_PATHS = NO;
				CLANG_ANALYZER_NONNULL = YES;
				CLANG_CXX_LANGUAGE_STANDARD = "gnu++0x";
				CLANG_CXX_LIBRARY = "libc++";
				CLANG_ENABLE_MODULES = YES;
				CLANG_ENABLE_OBJC_ARC = YES;
				CLANG_WARN_BLOCK_CAPTURE_AUTORELEASING = YES;
				CLANG_WARN_BOOL_CONVERSION = YES;
				CLANG_WARN_COMMA = YES;
				CLANG_WARN_CONSTANT_CONVERSION = YES;
				CLANG_WARN_DIRECT_OBJC_ISA_USAGE = YES_ERROR;
				CLANG_WARN_DOCUMENTATION_COMMENTS = YES;
				CLANG_WARN_EMPTY_BODY = YES;
				CLANG_WARN_ENUM_CONVERSION = YES;
				CLANG_WARN_INFINITE_RECURSION = YES;
				CLANG_WARN_INT_CONVERSION = YES;
				CLANG_WARN_NON_LITERAL_NULL_CONVERSION = YES;
				CLANG_WARN_OBJC_LITERAL_CONVERSION = YES;
				CLANG_WARN_OBJC_ROOT_CLASS = YES_ERROR;
				CLANG_WARN_RANGE_LOOP_ANALYSIS = YES;
				CLANG_WARN_STRICT_PROTOTYPES = YES;
				CLANG_WARN_SUSPICIOUS_MOVE = YES;
				CLANG_WARN_SUSPICIOUS_MOVES = YES;
				CLANG_WARN_UNREACHABLE_CODE = YES;
				CLANG_WARN__DUPLICATE_METHOD_MATCH = YES;
				CODE_SIGN_IDENTITY = "-";
				COPY_PHASE_STRIP = NO;
				DEBUG_INFORMATION_FORMAT = "dwarf-with-dsym";
				ENABLE_NS_ASSERTIONS = NO;
				ENABLE_STRICT_OBJC_MSGSEND = YES;
				GCC_C_LANGUAGE_STANDARD = gnu99;
				GCC_NO_COMMON_BLOCKS = YES;
				GCC_WARN_64_TO_32_BIT_CONVERSION = YES;
				GCC_WARN_ABOUT_RETURN_TYPE = YES_ERROR;
				GCC_WARN_UNDECLARED_SELECTOR = YES;
				GCC_WARN_UNINITIALIZED_AUTOS = YES_AGGRESSIVE;
				GCC_WARN_UNUSED_FUNCTION = YES;
				GCC_WARN_UNUSED_VARIABLE = YES;
				MACOSX_DEPLOYMENT_TARGET = 10.12;
				MTL_ENABLE_DEBUG_INFO = NO;
				SDKROOT = macosx;
			};
			name = Release;
		};
		3AD8A9D91DF18AF50065C400 /* Debug */ = {
			isa = XCBuildConfiguration;
			buildSettings = {
				ASSETCATALOG_COMPILER_APPICON_NAME = AppIcon;
				CODE_SIGN_ENTITLEMENTS = CommandBar/CommandBar.entitlements;
				COMBINE_HIDPI_IMAGES = YES;
				DEVELOPMENT_TEAM = 7BJ49E34RD;
				INFOPLIST_FILE = CommandBar/Info.plist;
				LD_RUNPATH_SEARCH_PATHS = "$(inherited) @executable_path/../Frameworks";
				PRODUCT_BUNDLE_IDENTIFIER = nu.dll.CommandBar;
				PRODUCT_NAME = "$(TARGET_NAME)";
			};
			name = Debug;
		};
		3AD8A9DA1DF18AF50065C400 /* Release */ = {
			isa = XCBuildConfiguration;
			buildSettings = {
				ASSETCATALOG_COMPILER_APPICON_NAME = AppIcon;
				CODE_SIGN_ENTITLEMENTS = CommandBar/CommandBar.entitlements;
				COMBINE_HIDPI_IMAGES = YES;
				DEVELOPMENT_TEAM = 7BJ49E34RD;
				INFOPLIST_FILE = CommandBar/Info.plist;
				LD_RUNPATH_SEARCH_PATHS = "$(inherited) @executable_path/../Frameworks";
				PRODUCT_BUNDLE_IDENTIFIER = nu.dll.CommandBar;
				PRODUCT_NAME = "$(TARGET_NAME)";
			};
			name = Release;
		};
		3AD8A9DC1DF18AF50065C400 /* Debug */ = {
			isa = XCBuildConfiguration;
			buildSettings = {
				BUNDLE_LOADER = "$(TEST_HOST)";
				COMBINE_HIDPI_IMAGES = YES;
				DEVELOPMENT_TEAM = 7BJ49E34RD;
				INFOPLIST_FILE = CommandBarTests/Info.plist;
				LD_RUNPATH_SEARCH_PATHS = "$(inherited) @executable_path/../Frameworks @loader_path/../Frameworks";
				PRODUCT_BUNDLE_IDENTIFIER = nu.dll.CommandBarTests;
				PRODUCT_NAME = "$(TARGET_NAME)";
				TEST_HOST = "$(BUILT_PRODUCTS_DIR)/CommandBar.app/Contents/MacOS/CommandBar";
			};
			name = Debug;
		};
		3AD8A9DD1DF18AF50065C400 /* Release */ = {
			isa = XCBuildConfiguration;
			buildSettings = {
				BUNDLE_LOADER = "$(TEST_HOST)";
				COMBINE_HIDPI_IMAGES = YES;
				DEVELOPMENT_TEAM = 7BJ49E34RD;
				INFOPLIST_FILE = CommandBarTests/Info.plist;
				LD_RUNPATH_SEARCH_PATHS = "$(inherited) @executable_path/../Frameworks @loader_path/../Frameworks";
				PRODUCT_BUNDLE_IDENTIFIER = nu.dll.CommandBarTests;
				PRODUCT_NAME = "$(TARGET_NAME)";
				TEST_HOST = "$(BUILT_PRODUCTS_DIR)/CommandBar.app/Contents/MacOS/CommandBar";
			};
			name = Release;
		};
		3AD8A9DF1DF18AF50065C400 /* Debug */ = {
			isa = XCBuildConfiguration;
			buildSettings = {
				COMBINE_HIDPI_IMAGES = YES;
				DEVELOPMENT_TEAM = 7BJ49E34RD;
				INFOPLIST_FILE = CommandBarUITests/Info.plist;
				LD_RUNPATH_SEARCH_PATHS = "$(inherited) @executable_path/../Frameworks @loader_path/../Frameworks";
				PRODUCT_BUNDLE_IDENTIFIER = nu.dll.CommandBarUITests;
				PRODUCT_NAME = "$(TARGET_NAME)";
				TEST_TARGET_NAME = CommandBar;
			};
			name = Debug;
		};
		3AD8A9E01DF18AF50065C400 /* Release */ = {
			isa = XCBuildConfiguration;
			buildSettings = {
				COMBINE_HIDPI_IMAGES = YES;
				DEVELOPMENT_TEAM = 7BJ49E34RD;
				INFOPLIST_FILE = CommandBarUITests/Info.plist;
				LD_RUNPATH_SEARCH_PATHS = "$(inherited) @executable_path/../Frameworks @loader_path/../Frameworks";
				PRODUCT_BUNDLE_IDENTIFIER = nu.dll.CommandBarUITests;
				PRODUCT_NAME = "$(TARGET_NAME)";
				TEST_TARGET_NAME = CommandBar;
			};
			name = Release;
		};
/* End XCBuildConfiguration section */

/* Begin XCConfigurationList section */
		3A70A92E1FFC029E00A7F236 /* Build configuration list for PBXNativeTarget "Pling Plong" */ = {
			isa = XCConfigurationList;
			buildConfigurations = (
				3A70A92F1FFC029E00A7F236 /* Debug */,
				3A70A9301FFC029E00A7F236 /* Release */,
			);
			defaultConfigurationIsVisible = 0;
			defaultConfigurationName = Release;
		};
		3A70A9311FFC029E00A7F236 /* Build configuration list for PBXNativeTarget "Pling PlongTests" */ = {
			isa = XCConfigurationList;
			buildConfigurations = (
				3A70A9321FFC029E00A7F236 /* Debug */,
				3A70A9331FFC029E00A7F236 /* Release */,
			);
			defaultConfigurationIsVisible = 0;
			defaultConfigurationName = Release;
		};
		3A70A9341FFC029E00A7F236 /* Build configuration list for PBXNativeTarget "Pling PlongUITests" */ = {
			isa = XCConfigurationList;
			buildConfigurations = (
				3A70A9351FFC029E00A7F236 /* Debug */,
				3A70A9361FFC029E00A7F236 /* Release */,
			);
			defaultConfigurationIsVisible = 0;
			defaultConfigurationName = Release;
		};
		3AD8A9AC1DF18AF50065C400 /* Build configuration list for PBXProject "CommandBar" */ = {
			isa = XCConfigurationList;
			buildConfigurations = (
				3AD8A9D61DF18AF50065C400 /* Debug */,
				3AD8A9D71DF18AF50065C400 /* Release */,
			);
			defaultConfigurationIsVisible = 0;
			defaultConfigurationName = Release;
		};
		3AD8A9D81DF18AF50065C400 /* Build configuration list for PBXNativeTarget "CommandBar" */ = {
			isa = XCConfigurationList;
			buildConfigurations = (
				3AD8A9D91DF18AF50065C400 /* Debug */,
				3AD8A9DA1DF18AF50065C400 /* Release */,
			);
			defaultConfigurationIsVisible = 0;
			defaultConfigurationName = Release;
		};
		3AD8A9DB1DF18AF50065C400 /* Build configuration list for PBXNativeTarget "CommandBarTests" */ = {
			isa = XCConfigurationList;
			buildConfigurations = (
				3AD8A9DC1DF18AF50065C400 /* Debug */,
				3AD8A9DD1DF18AF50065C400 /* Release */,
			);
			defaultConfigurationIsVisible = 0;
			defaultConfigurationName = Release;
		};
		3AD8A9DE1DF18AF50065C400 /* Build configuration list for PBXNativeTarget "CommandBarUITests" */ = {
			isa = XCConfigurationList;
			buildConfigurations = (
				3AD8A9DF1DF18AF50065C400 /* Debug */,
				3AD8A9E01DF18AF50065C400 /* Release */,
			);
			defaultConfigurationIsVisible = 0;
			defaultConfigurationName = Release;
		};
/* End XCConfigurationList section */
	};
	rootObject = 3AD8A9A91DF18AF50065C400 /* Project object */;
}
